
Microsoft Visual Studio Solution File, Format Version 12.00
# Visual Studio Version 17
VisualStudioVersion = 17.1.32210.238
MinimumVisualStudioVersion = 10.0.40219.1
Project("{FAE04EC0-301F-11D3-BF4B-00C04F79EFBC}") = "ClassLibraryForArryaList", "ClassLibraryForArryaList\ClassLibraryForArryaList.csproj", "{DFCA464B-29A1-47CC-B30B-47B1B243B930}"
EndProject
Global
	GlobalSection(SolutionConfigurationPlatforms) = preSolution
		Debug|Any CPU = Debug|Any CPU
		Release|Any CPU = Release|Any CPU
	EndGlobalSection
	GlobalSection(ProjectConfigurationPlatforms) = postSolution
		{DFCA464B-29A1-47CC-B30B-47B1B243B930}.Debug|Any CPU.ActiveCfg = Debug|Any CPU
		{DFCA464B-29A1-47CC-B30B-47B1B243B930}.Debug|Any CPU.Build.0 = Debug|Any CPU
		{DFCA464B-29A1-47CC-B30B-47B1B243B930}.Release|Any CPU.ActiveCfg = Release|Any CPU
		{DFCA464B-29A1-47CC-B30B-47B1B243B930}.Release|Any CPU.Build.0 = Release|Any CPU
	EndGlobalSection
	GlobalSection(SolutionProperties) = preSolution
		HideSolutionNode = FALSE
	EndGlobalSection
	GlobalSection(ExtensibilityGlobals) = postSolution
		SolutionGuid = {3309CF48-2012-409D-8073-288C7E398CA4}
	EndGlobalSection
EndGlobal
